
Microsoft Visual Studio Solution File, Format Version 12.00
# Visual Studio Version 17
VisualStudioVersion = 17.2.32630.192
MinimumVisualStudioVersion = 10.0.40219.1
Project("{FAE04EC0-301F-11D3-BF4B-00C04F79EFBC}") = "Simple Karaoke Manage System", "Simple Karaoke Manage System\Simple Karaoke Manage System.csproj", "{D0B3F6FF-F927-4996-BD41-0200E30B7C74}"
EndProject
Global
	GlobalSection(SolutionConfigurationPlatforms) = preSolution
		Debug|Any CPU = Debug|Any CPU
		Release|Any CPU = Release|Any CPU
	EndGlobalSection
	GlobalSection(ProjectConfigurationPlatforms) = postSolution
		{D0B3F6FF-F927-4996-BD41-0200E30B7C74}.Debug|Any CPU.ActiveCfg = Debug|Any CPU
		{D0B3F6FF-F927-4996-BD41-0200E30B7C74}.Debug|Any CPU.Build.0 = Debug|Any CPU
		{D0B3F6FF-F927-4996-BD41-0200E30B7C74}.Release|Any CPU.ActiveCfg = Release|Any CPU
		{D0B3F6FF-F927-4996-BD41-0200E30B7C74}.Release|Any CPU.Build.0 = Release|Any CPU
	EndGlobalSection
	GlobalSection(SolutionProperties) = preSolution
		HideSolutionNode = FALSE
	EndGlobalSection
	GlobalSection(ExtensibilityGlobals) = postSolution
		SolutionGuid = {95C746DD-479A-4C89-917F-29EB063184E2}
	EndGlobalSection
EndGlobal
